
Microsoft Visual Studio Solution File, Format Version 12.00
# Visual Studio Version 17
VisualStudioVersion = 17.14.36518.9 d17.14
MinimumVisualStudioVersion = 10.0.40219.1
Project("{FAE04EC0-301F-11D3-BF4B-00C04F79EFBC}") = "MatchGame", "MatchGame\MatchGame.csproj", "{7531D77C-6BED-4B1D-8B6F-94B270333BF5}"
EndProject
Global
	GlobalSection(SolutionConfigurationPlatforms) = preSolution
		Debug|Any CPU = Debug|Any CPU
		Release|Any CPU = Release|Any CPU
	EndGlobalSection
	GlobalSection(ProjectConfigurationPlatforms) = postSolution
		{7531D77C-6BED-4B1D-8B6F-94B270333BF5}.Debug|Any CPU.ActiveCfg = Debug|Any CPU
		{7531D77C-6BED-4B1D-8B6F-94B270333BF5}.Debug|Any CPU.Build.0 = Debug|Any CPU
		{7531D77C-6BED-4B1D-8B6F-94B270333BF5}.Release|Any CPU.ActiveCfg = Release|Any CPU
		{7531D77C-6BED-4B1D-8B6F-94B270333BF5}.Release|Any CPU.Build.0 = Release|Any CPU
	EndGlobalSection
	GlobalSection(SolutionProperties) = preSolution
		HideSolutionNode = FALSE
	EndGlobalSection
	GlobalSection(ExtensibilityGlobals) = postSolution
		SolutionGuid = {76E225AD-13C1-4608-819E-9FBD6EC2B6B8}
	EndGlobalSection
EndGlobal
